
Microsoft Visual Studio Solution File, Format Version 12.00
# Visual Studio Version 16
VisualStudioVersion = 16.0.30413.136
MinimumVisualStudioVersion = 10.0.40219.1
Project("{FAE04EC0-301F-11D3-BF4B-00C04F79EFBC}") = "Kutse_App_RolanMaslennikov", "Kutse_App_RolanMaslennikov.csproj", "{8EB62794-1F92-4535-8817-D3537525FBD3}"
EndProject
Global
	GlobalSection(SolutionConfigurationPlatforms) = preSolution
		Debug|Any CPU = Debug|Any CPU
		Release|Any CPU = Release|Any CPU
	EndGlobalSection
	GlobalSection(ProjectConfigurationPlatforms) = postSolution
		{8EB62794-1F92-4535-8817-D3537525FBD3}.Debug|Any CPU.ActiveCfg = Debug|Any CPU
		{8EB62794-1F92-4535-8817-D3537525FBD3}.Debug|Any CPU.Build.0 = Debug|Any CPU
		{8EB62794-1F92-4535-8817-D3537525FBD3}.Release|Any CPU.ActiveCfg = Release|Any CPU
		{8EB62794-1F92-4535-8817-D3537525FBD3}.Release|Any CPU.Build.0 = Release|Any CPU
	EndGlobalSection
	GlobalSection(SolutionProperties) = preSolution
		HideSolutionNode = FALSE
	EndGlobalSection
	GlobalSection(ExtensibilityGlobals) = postSolution
		SolutionGuid = {94212814-69BF-4E82-9FB4-4E96781B7E8F}
	EndGlobalSection
EndGlobal
